<?xml version="1.0" encoding="utf-8"?>
<Project ToolsVersion="4.0" xmlns="http://schemas.microsoft.com/developer/msbuild/2003">
  <ItemGroup>
    <Filter Include="Source Files">
      <UniqueIdentifier>{4FC737F1-C7A5-4376-A066-2A32D752A2FF}</UniqueIdentifier>
      <Extensions>cpp;c;cc;cxx;def;odl;idl;hpj;bat;asm;asmx</Extensions>
    </Filter>
    <Filter Include="Header Files">
      <UniqueIdentifier>{93995380-89BD-4b04-88EB-625FBE52EBFB}</UniqueIdentifier>
      <Extensions>h;hh;hpp;hxx;hm;inl;inc;xsd</Extensions>
    </Filter>
    <Filter Include="Resource Files">
      <UniqueIdentifier>{67DA6AB6-F800-4c08-8B7A-83BB121AAD01}</UniqueIdentifier>
      <Extensions>rc;ico;cur;bmp;dlg;rc2;rct;bin;rgs;gif;jpg;jpeg;jpe;resx;tiff;tif;png;wav;mfcribbon-ms</Extensions>
    </Filter>
    <Filter Include="Source Files\Log">
      <UniqueIdentifier>{b8ffb375-52f3-4170-8435-2987aa9f7a8f}</UniqueIdentifier>
    </Filter>
    <Filter Include="Source Files\EventLog">
      <UniqueIdentifier>{59eafbb8-5dee-4b23-9d03-11531d44cfd5}</UniqueIdentifier>
    </Filter>
    <Filter Include="Source Files\AccessAudit">
      <UniqueIdentifier>{bd7ced52-6515-46a5-a6ca-d1f3c6439189}</UniqueIdentifier>
    </Filter>
  </ItemGroup>
  <ItemGroup>
    <ClCompile Include="src\main.cpp">
      <Filter>Source Files</Filter>
    </ClCompile>
    <ClCompile Include="src\EventLog\EventLog.cpp">
      <Filter>Source Files\EventLog</Filter>
    </ClCompile>
    <ClCompile Include="src\AccessAudit\AccessAudit.cpp">
      <Filter>Source Files</Filter>
    </ClCompile>
  </ItemGroup>
  <ItemGroup>
    <ClInclude Include="src\log\log.h">
      <Filter>Source Files\Log</Filter>
    </ClInclude>
    <ClInclude Include="src\EventLog\EventLog.h">
      <Filter>Source Files\EventLog</Filter>
    </ClInclude>
    <ClInclude Include="src\AccessAudit\AccessAudit.h">
      <Filter>Source Files\AccessAudit</Filter>
    </ClInclude>
  </ItemGroup>
</Project>